
Microsoft Visual Studio Solution File, Format Version 12.00
# Visual Studio Version 16
VisualStudioVersion = 16.0.31515.178
MinimumVisualStudioVersion = 10.0.40219.1
Project("{FAE04EC0-301F-11D3-BF4B-00C04F79EFBC}") = "Kolokwium", "Kolokwium\Kolokwium.csproj", "{0304C16E-E3EC-44B5-A448-DD0CB816DA2A}"
EndProject
Global
	GlobalSection(SolutionConfigurationPlatforms) = preSolution
		Debug|Any CPU = Debug|Any CPU
		Release|Any CPU = Release|Any CPU
	EndGlobalSection
	GlobalSection(ProjectConfigurationPlatforms) = postSolution
		{0304C16E-E3EC-44B5-A448-DD0CB816DA2A}.Debug|Any CPU.ActiveCfg = Debug|Any CPU
		{0304C16E-E3EC-44B5-A448-DD0CB816DA2A}.Debug|Any CPU.Build.0 = Debug|Any CPU
		{0304C16E-E3EC-44B5-A448-DD0CB816DA2A}.Release|Any CPU.ActiveCfg = Release|Any CPU
		{0304C16E-E3EC-44B5-A448-DD0CB816DA2A}.Release|Any CPU.Build.0 = Release|Any CPU
	EndGlobalSection
	GlobalSection(SolutionProperties) = preSolution
		HideSolutionNode = FALSE
	EndGlobalSection
	GlobalSection(ExtensibilityGlobals) = postSolution
		SolutionGuid = {7C0CD0A2-CA3C-45BF-B118-F264E53F8BB6}
	EndGlobalSection
EndGlobal
